{
  "name": "ryuki",
  "version": "0.2.1",
  "lockfileVersion": 3,
  "requires": true,
  "packages": {
    "": {
      "name": "ryuki",
      "version": "0.2.1",
      "license": "MIT",
      "bin": {
        "ryuki": "bin/ryuki.js"
      },
      "engines": {
        "node": ">=18"
      }
    }
  }
}
